{
  "nodes": {
    "base16": {
      "inputs": {
        "nixpkgs": [
          "nixpkgs"
        ]
      },
      "locked": {
        "lastModified": 1658847131,
        "narHash": "sha256-X6Mml7cT0YR3WCD5fkUhpRVV5ZPcwdcDsND8r8xMqTE=",
        "owner": "SenchoPens",
        "repo": "base16.nix",
        "rev": "6b404cda2e04ca3cf5ca7b877af9c469e1386acb",
        "type": "github"
      },
      "original": {
        "owner": "SenchoPens",
        "repo": "base16.nix",
        "type": "github"
      }
    },
    "base16-schemes": {
      "flake": false,
      "locked": {
        "lastModified": 1657650255,
        "narHash": "sha256-xmBDrZXWeQNHRodVBwW9eUNQc6pwm0PGDFT66R3QWyE=",
        "owner": "base16-project",
        "repo": "base16-schemes",
        "rev": "99529527e7cb3d777fb6e041c2aabbe6cdec4c4c",
        "type": "github"
      },
      "original": {
        "owner": "base16-project",
        "repo": "base16-schemes",
        "type": "github"
      }
    },
    "base16-schemes_2": {
      "flake": false,
      "locked": {
        "lastModified": 1654895891,
        "narHash": "sha256-xYYmZkHnyLCUBAkqkZ7v1Lc5m39857MukQLMRtGuvdk=",
        "owner": "base16-project",
        "repo": "base16-schemes",
        "rev": "7c247f734eac7f04518c6e28d098635ee8dcabf5",
        "type": "github"
      },
      "original": {
        "owner": "base16-project",
        "repo": "base16-schemes",
        "type": "github"
      }
    },
    "base16-vim": {
      "flake": false,
      "locked": {
        "lastModified": 1658866499,
        "narHash": "sha256-C+Gfh8Eq0kCyO6dcas1jhwZIpO51A4344qYrUxGmcho=",
        "owner": "base16-project",
        "repo": "base16-vim",
        "rev": "ea08faf4487f755c90924376927e619325593762",
        "type": "github"
      },
      "original": {
        "owner": "base16-project",
        "repo": "base16-vim",
        "type": "github"
      }
    },
    "base16-zathura": {
      "flake": false,
      "locked": {
        "lastModified": 1643130739,
        "narHash": "sha256-nVJoygnytYN40VHXpAFwO7ruVbaSydeR547MU45VSuY=",
        "owner": "haozeke",
        "repo": "base16-zathura",
        "rev": "9f148b4001dc67d399e645919225943d47e50125",
        "type": "github"
      },
      "original": {
        "owner": "haozeke",
        "repo": "base16-zathura",
        "type": "github"
      }
    },
    "fenix": {
      "inputs": {
        "nixpkgs": [
          "nixpkgs"
        ],
        "rust-analyzer-src": "rust-analyzer-src"
      },
      "locked": {
        "lastModified": 1658730563,
        "narHash": "sha256-NDaSjaNdynCM02hRLOL76CKeD5Bxjxe8aNsD6AQ4U5I=",
        "owner": "nix-community",
        "repo": "fenix",
        "rev": "80981ee71b32ce0747d22b1fd2dcd895219f5c1d",
        "type": "github"
      },
      "original": {
        "owner": "nix-community",
        "repo": "fenix",
        "type": "github"
      }
    },
    "flake-utils": {
      "locked": {
        "lastModified": 1656928814,
        "narHash": "sha256-RIFfgBuKz6Hp89yRr7+NR5tzIAbn52h8vT6vXkYjZoM=",
        "owner": "numtide",
        "repo": "flake-utils",
        "rev": "7e2a3b3dfd9af950a856d66b0a7d01e3c18aa249",
        "type": "github"
      },
      "original": {
        "owner": "numtide",
        "repo": "flake-utils",
        "type": "github"
      }
    },
    "home-manager": {
      "inputs": {
        "nixpkgs": [
          "nixpkgs"
        ],
        "utils": "utils"
      },
      "locked": {
        "lastModified": 1658924727,
        "narHash": "sha256-Fhh9FK9CvuCLxG1WkWJPoendDeXKI4gHYTfezo1n2Zg=",
        "owner": "nix-community",
        "repo": "home-manager",
        "rev": "0e2f7876d2f2ae98a67d89a8bef8c49332aae5af",
        "type": "github"
      },
      "original": {
        "owner": "nix-community",
        "repo": "home-manager",
        "type": "github"
      }
    },
    "nix-colors": {
      "inputs": {
        "base16-schemes": "base16-schemes_2",
        "nixpkgs-lib": "nixpkgs-lib"
      },
      "locked": {
        "lastModified": 1658761805,
        "narHash": "sha256-yPY54xna3ufsrpgk1clhsvI5Q3nNE4WAPUzIr+uEHjQ=",
        "owner": "misterio77",
        "repo": "nix-colors",
        "rev": "17d4c968ae3b202a71326b59ae89727d1c21f018",
        "type": "github"
      },
      "original": {
        "owner": "misterio77",
        "repo": "nix-colors",
        "type": "github"
      }
    },
    "nixos-hardware": {
      "locked": {
        "lastModified": 1658401027,
        "narHash": "sha256-z/sDfzsFOoWNO9nZGfxDCNjHqXvSVZLDBDSgzr9qDXE=",
        "owner": "NixOS",
        "repo": "nixos-hardware",
        "rev": "83009edccc2e24afe3d0165ed98b60ff7471a5f8",
        "type": "github"
      },
      "original": {
        "owner": "NixOS",
        "repo": "nixos-hardware",
        "type": "github"
      }
    },
    "nixpkgs": {
      "locked": {
        "lastModified": 1658826464,
        "narHash": "sha256-94ZTF0uIX/iZdiD4RJ5f933ak/OM4XLl7hF+gCa4Iuk=",
        "owner": "NixOS",
        "repo": "nixpkgs",
        "rev": "ce49cb7792a7ffd65ef352dda1110a4e4a204eac",
        "type": "github"
      },
      "original": {
        "id": "nixpkgs",
        "ref": "nixos-unstable",
        "type": "indirect"
      }
    },
    "nixpkgs-lib": {
      "locked": {
        "lastModified": 1655599917,
        "narHash": "sha256-kjZbt5WdTrnjMxL79okg9TCoRUdADG50x/TWozbyTsE=",
        "owner": "nix-community",
        "repo": "nixpkgs.lib",
        "rev": "5fb55578aa2f1a502d636a8ac71aece57cb730bb",
        "type": "github"
      },
      "original": {
        "owner": "nix-community",
        "repo": "nixpkgs.lib",
        "type": "github"
      }
    },
    "nur": {
      "locked": {
        "lastModified": 1659009951,
        "narHash": "sha256-8Oh8rIG6y3ue4dEF7z5Yd625LEIwnQPFgM0K1jQXcqs=",
        "owner": "nix-community",
        "repo": "NUR",
        "rev": "c564c987160cfc4e81f1815fa3ed6700faaa33b8",
        "type": "github"
      },
      "original": {
        "owner": "nix-community",
        "repo": "NUR",
        "type": "github"
      }
    },
    "root": {
      "inputs": {
        "base16": "base16",
        "base16-schemes": "base16-schemes",
        "base16-vim": "base16-vim",
        "base16-zathura": "base16-zathura",
        "fenix": "fenix",
        "flake-utils": "flake-utils",
        "home-manager": "home-manager",
        "nix-colors": "nix-colors",
        "nixos-hardware": "nixos-hardware",
        "nixpkgs": "nixpkgs",
        "nur": "nur"
      }
    },
    "rust-analyzer-src": {
      "flake": false,
      "locked": {
        "lastModified": 1658671895,
        "narHash": "sha256-WFtdMN7WH5twFZEfBqpgc9PMCMHpgJnZyipDSPfui3U=",
        "owner": "rust-lang",
        "repo": "rust-analyzer",
        "rev": "7e2b983fd459977e11026683ee4afb9598960a4c",
        "type": "github"
      },
      "original": {
        "owner": "rust-lang",
        "ref": "nightly",
        "repo": "rust-analyzer",
        "type": "github"
      }
    },
    "utils": {
      "locked": {
        "lastModified": 1653893745,
        "narHash": "sha256-0jntwV3Z8//YwuOjzhV2sgJJPt+HY6KhU7VZUL0fKZQ=",
        "owner": "numtide",
        "repo": "flake-utils",
        "rev": "1ed9fb1935d260de5fe1c2f7ee0ebaae17ed2fa1",
        "type": "github"
      },
      "original": {
        "owner": "numtide",
        "repo": "flake-utils",
        "type": "github"
      }
    }
  },
  "root": "root",
  "version": 7
}
